dependencies:
  espressif/mdns:
    component_hash: d36b265164be5139f92de993f08f5ecaa0de0c0acbf84deee1f10bb5902d04ff
    dependencies:
    - name: idf
      require: private
      version: '>=5.0'
    source:
      registry_url: https://components.espressif.com/
      type: service
    version: 1.4.3
  idf:
    source:
      type: idf
    version: 5.1.4
direct_dependencies:
- espressif/mdns
- idf
manifest_hash: e9f3361051d7796ffb257552dc320c95a258e61f70b8815cb20430c3e57a095d
target: esp32s3
version: 2.0.0
